
Microsoft Visual Studio Solution File, Format Version 12.00
# Visual Studio 14
VisualStudioVersion = 14.0.25420.1
MinimumVisualStudioVersion = 10.0.40219.1
Project("{FAE04EC0-301F-11D3-BF4B-00C04F79EFBC}") = "dnpatch.script.patcher", "dnpatch.script.patcher\dnpatch.script.patcher.csproj", "{BB08BE14-6DBA-4286-9000-9B86ECF0D057}"
EndProject
Global
	GlobalSection(SolutionConfigurationPlatforms) = preSolution
		Debug|Any CPU = Debug|Any CPU
		Release|Any CPU = Release|Any CPU
	EndGlobalSection
	GlobalSection(ProjectConfigurationPlatforms) = postSolution
		{BB08BE14-6DBA-4286-9000-9B86ECF0D057}.Debug|Any CPU.ActiveCfg = Debug|Any CPU
		{BB08BE14-6DBA-4286-9000-9B86ECF0D057}.Debug|Any CPU.Build.0 = Debug|Any CPU
		{BB08BE14-6DBA-4286-9000-9B86ECF0D057}.Release|Any CPU.ActiveCfg = Release|Any CPU
		{BB08BE14-6DBA-4286-9000-9B86ECF0D057}.Release|Any CPU.Build.0 = Release|Any CPU
	EndGlobalSection
	GlobalSection(SolutionProperties) = preSolution
		HideSolutionNode = FALSE
	EndGlobalSection
EndGlobal
